
Microsoft Visual Studio Solution File, Format Version 12.00
# Visual Studio Version 17
VisualStudioVersion = 17.8.34525.116
MinimumVisualStudioVersion = 10.0.40219.1
Project("{9A19103F-16F7-4668-BE54-9A1E7A4F7556}") = "MyStore", "MyStore\MyStore.csproj", "{E6BD8F7D-8D73-4A1C-BDAD-53F1502C625D}"
EndProject
Project("{9A19103F-16F7-4668-BE54-9A1E7A4F7556}") = "MyStores.Models", "MyStore.Models\MyStores.Models.csproj", "{55D0044F-173E-46B2-B5BE-B786DBAD92A4}"
EndProject
Project("{9A19103F-16F7-4668-BE54-9A1E7A4F7556}") = "MyStores.Utilities", "MyStore.Utilities\MyStores.Utilities.csproj", "{58D6A1A8-E137-4386-AEC1-92996B8E155C}"
EndProject
Project("{9A19103F-16F7-4668-BE54-9A1E7A4F7556}") = "MyStores.DataAccess", "MyStores.DataAccess\MyStores.DataAccess.csproj", "{7D3FF86C-DD62-4F10-B736-2564FB15433B}"
EndProject
Project("{2150E333-8FDC-42A3-9474-1A3956D46DE8}") = "Solution Items", "Solution Items", "{17E74FAF-69FB-48A6-811B-7B8E36C54EB6}"
	ProjectSection(SolutionItems) = preProject
		heroku.yml = heroku.yml
	EndProjectSection
EndProject
Global
	GlobalSection(SolutionConfigurationPlatforms) = preSolution
		Debug|Any CPU = Debug|Any CPU
		Release|Any CPU = Release|Any CPU
	EndGlobalSection
	GlobalSection(ProjectConfigurationPlatforms) = postSolution
		{E6BD8F7D-8D73-4A1C-BDAD-53F1502C625D}.Debug|Any CPU.ActiveCfg = Debug|Any CPU
		{E6BD8F7D-8D73-4A1C-BDAD-53F1502C625D}.Debug|Any CPU.Build.0 = Debug|Any CPU
		{E6BD8F7D-8D73-4A1C-BDAD-53F1502C625D}.Release|Any CPU.ActiveCfg = Release|Any CPU
		{E6BD8F7D-8D73-4A1C-BDAD-53F1502C625D}.Release|Any CPU.Build.0 = Release|Any CPU
		{55D0044F-173E-46B2-B5BE-B786DBAD92A4}.Debug|Any CPU.ActiveCfg = Debug|Any CPU
		{55D0044F-173E-46B2-B5BE-B786DBAD92A4}.Debug|Any CPU.Build.0 = Debug|Any CPU
		{55D0044F-173E-46B2-B5BE-B786DBAD92A4}.Release|Any CPU.ActiveCfg = Release|Any CPU
		{55D0044F-173E-46B2-B5BE-B786DBAD92A4}.Release|Any CPU.Build.0 = Release|Any CPU
		{58D6A1A8-E137-4386-AEC1-92996B8E155C}.Debug|Any CPU.ActiveCfg = Debug|Any CPU
		{58D6A1A8-E137-4386-AEC1-92996B8E155C}.Debug|Any CPU.Build.0 = Debug|Any CPU
		{58D6A1A8-E137-4386-AEC1-92996B8E155C}.Release|Any CPU.ActiveCfg = Release|Any CPU
		{58D6A1A8-E137-4386-AEC1-92996B8E155C}.Release|Any CPU.Build.0 = Release|Any CPU
		{7D3FF86C-DD62-4F10-B736-2564FB15433B}.Debug|Any CPU.ActiveCfg = Debug|Any CPU
		{7D3FF86C-DD62-4F10-B736-2564FB15433B}.Debug|Any CPU.Build.0 = Debug|Any CPU
		{7D3FF86C-DD62-4F10-B736-2564FB15433B}.Release|Any CPU.ActiveCfg = Release|Any CPU
		{7D3FF86C-DD62-4F10-B736-2564FB15433B}.Release|Any CPU.Build.0 = Release|Any CPU
	EndGlobalSection
	GlobalSection(SolutionProperties) = preSolution
		HideSolutionNode = FALSE
	EndGlobalSection
	GlobalSection(ExtensibilityGlobals) = postSolution
		SolutionGuid = {1767286C-2CBD-4BF7-B725-D5737A57BFC3}
	EndGlobalSection
EndGlobal
